
Microsoft Visual Studio Solution File, Format Version 12.00
# Visual Studio 2013
VisualStudioVersion = 12.0.31101.0
MinimumVisualStudioVersion = 10.0.40219.1
Project("{FAE04EC0-301F-11D3-BF4B-00C04F79EFBC}") = "BauImageBatch", "BauImageBatch.csproj", "{06F36015-B60E-4EDC-822C-234F9086B469}"
EndProject
Project("{FAE04EC0-301F-11D3-BF4B-00C04F79EFBC}") = "BauControls", "..\..\Controls\WinForms\BauControls\BauControls.csproj", "{F62C525C-5A46-46E1-BD18-450ACAF06E26}"
EndProject
Project("{FAE04EC0-301F-11D3-BF4B-00C04F79EFBC}") = "ImageFilters", "..\..\Libraries\Graphics\ImageFilters\ImageFilters.csproj", "{439274B0-678E-432C-9497-C73B6BC7A5CF}"
EndProject
Project("{FAE04EC0-301F-11D3-BF4B-00C04F79EFBC}") = "ImageControls", "..\..\Controls\WinForms\ImageControls\ImageControls\ImageControls.csproj", "{976E750D-989C-43F0-9748-9147E1D1D88D}"
EndProject
Global
	GlobalSection(SolutionConfigurationPlatforms) = preSolution
		Debug|Any CPU = Debug|Any CPU
		Release|Any CPU = Release|Any CPU
	EndGlobalSection
	GlobalSection(ProjectConfigurationPlatforms) = postSolution
		{06F36015-B60E-4EDC-822C-234F9086B469}.Debug|Any CPU.ActiveCfg = Debug|Any CPU
		{06F36015-B60E-4EDC-822C-234F9086B469}.Debug|Any CPU.Build.0 = Debug|Any CPU
		{06F36015-B60E-4EDC-822C-234F9086B469}.Release|Any CPU.ActiveCfg = Release|Any CPU
		{06F36015-B60E-4EDC-822C-234F9086B469}.Release|Any CPU.Build.0 = Release|Any CPU
		{F62C525C-5A46-46E1-BD18-450ACAF06E26}.Debug|Any CPU.ActiveCfg = Debug|Any CPU
		{F62C525C-5A46-46E1-BD18-450ACAF06E26}.Debug|Any CPU.Build.0 = Debug|Any CPU
		{F62C525C-5A46-46E1-BD18-450ACAF06E26}.Release|Any CPU.ActiveCfg = Release|Any CPU
		{F62C525C-5A46-46E1-BD18-450ACAF06E26}.Release|Any CPU.Build.0 = Release|Any CPU
		{439274B0-678E-432C-9497-C73B6BC7A5CF}.Debug|Any CPU.ActiveCfg = Debug|Any CPU
		{439274B0-678E-432C-9497-C73B6BC7A5CF}.Debug|Any CPU.Build.0 = Debug|Any CPU
		{439274B0-678E-432C-9497-C73B6BC7A5CF}.Release|Any CPU.ActiveCfg = Release|Any CPU
		{439274B0-678E-432C-9497-C73B6BC7A5CF}.Release|Any CPU.Build.0 = Release|Any CPU
		{976E750D-989C-43F0-9748-9147E1D1D88D}.Debug|Any CPU.ActiveCfg = Debug|Any CPU
		{976E750D-989C-43F0-9748-9147E1D1D88D}.Debug|Any CPU.Build.0 = Debug|Any CPU
		{976E750D-989C-43F0-9748-9147E1D1D88D}.Release|Any CPU.ActiveCfg = Release|Any CPU
		{976E750D-989C-43F0-9748-9147E1D1D88D}.Release|Any CPU.Build.0 = Release|Any CPU
	EndGlobalSection
	GlobalSection(SolutionProperties) = preSolution
		HideSolutionNode = FALSE
	EndGlobalSection
EndGlobal
